
Microsoft Visual Studio Solution File, Format Version 12.00
# Visual Studio Version 17
VisualStudioVersion = 17.14.36414.22 d17.14
MinimumVisualStudioVersion = 10.0.40219.1
Project("{FAE04EC0-301F-11D3-BF4B-00C04F79EFBC}") = "LAP3", "LAP3\LAP3.csproj", "{D53F9C49-286B-4BCB-B15E-3289F53109F9}"
EndProject
Global
	GlobalSection(SolutionConfigurationPlatforms) = preSolution
		Debug|Any CPU = Debug|Any CPU
		Release|Any CPU = Release|Any CPU
	EndGlobalSection
	GlobalSection(ProjectConfigurationPlatforms) = postSolution
		{D53F9C49-286B-4BCB-B15E-3289F53109F9}.Debug|Any CPU.ActiveCfg = Debug|Any CPU
		{D53F9C49-286B-4BCB-B15E-3289F53109F9}.Debug|Any CPU.Build.0 = Debug|Any CPU
		{D53F9C49-286B-4BCB-B15E-3289F53109F9}.Release|Any CPU.ActiveCfg = Release|Any CPU
		{D53F9C49-286B-4BCB-B15E-3289F53109F9}.Release|Any CPU.Build.0 = Release|Any CPU
	EndGlobalSection
	GlobalSection(SolutionProperties) = preSolution
		HideSolutionNode = FALSE
	EndGlobalSection
	GlobalSection(ExtensibilityGlobals) = postSolution
		SolutionGuid = {F5DC8D09-78D1-48BA-AEC5-0D7890F7378A}
	EndGlobalSection
EndGlobal
